
Microsoft Visual Studio Solution File, Format Version 12.00
# Visual Studio Version 17
VisualStudioVersion = 17.6.33801.468
MinimumVisualStudioVersion = 10.0.40219.1
Project("{9A19103F-16F7-4668-BE54-9A1E7A4F7556}") = "CianAgencyComplaint", "CianAgencyComplaint.csproj", "{2DD10D81-0252-42B6-B4E1-3F00CA1C3CE8}"
EndProject
Project("{FAE04EC0-301F-11D3-BF4B-00C04F79EFBC}") = "TetstGPT", "..\TetstGPT\TetstGPT.csproj", "{B4310242-14D4-45B0-894D-95E4C24CA1B6}"
EndProject
Global
	GlobalSection(SolutionConfigurationPlatforms) = preSolution
		Debug|Any CPU = Debug|Any CPU
		Release|Any CPU = Release|Any CPU
	EndGlobalSection
	GlobalSection(ProjectConfigurationPlatforms) = postSolution
		{2DD10D81-0252-42B6-B4E1-3F00CA1C3CE8}.Debug|Any CPU.ActiveCfg = Debug|Any CPU
		{2DD10D81-0252-42B6-B4E1-3F00CA1C3CE8}.Debug|Any CPU.Build.0 = Debug|Any CPU
		{2DD10D81-0252-42B6-B4E1-3F00CA1C3CE8}.Release|Any CPU.ActiveCfg = Release|Any CPU
		{2DD10D81-0252-42B6-B4E1-3F00CA1C3CE8}.Release|Any CPU.Build.0 = Release|Any CPU
		{B4310242-14D4-45B0-894D-95E4C24CA1B6}.Debug|Any CPU.ActiveCfg = Debug|Any CPU
		{B4310242-14D4-45B0-894D-95E4C24CA1B6}.Debug|Any CPU.Build.0 = Debug|Any CPU
		{B4310242-14D4-45B0-894D-95E4C24CA1B6}.Release|Any CPU.ActiveCfg = Release|Any CPU
		{B4310242-14D4-45B0-894D-95E4C24CA1B6}.Release|Any CPU.Build.0 = Release|Any CPU
	EndGlobalSection
	GlobalSection(SolutionProperties) = preSolution
		HideSolutionNode = FALSE
	EndGlobalSection
	GlobalSection(ExtensibilityGlobals) = postSolution
		SolutionGuid = {257E6938-6540-4C07-8CB3-909546E9F869}
	EndGlobalSection
EndGlobal
